<?xml version="1.0" encoding="utf-8"?>
<Project ToolsVersion="4.0" xmlns="http://schemas.microsoft.com/developer/msbuild/2003">
  <ItemGroup>
    <Filter Include="源文件">
      <UniqueIdentifier>{4FC737F1-C7A5-4376-A066-2A32D752A2FF}</UniqueIdentifier>
      <Extensions>cpp;c;cc;cxx;def;odl;idl;hpj;bat;asm;asmx</Extensions>
    </Filter>
    <Filter Include="头文件">
      <UniqueIdentifier>{93995380-89BD-4b04-88EB-625FBE52EBFB}</UniqueIdentifier>
      <Extensions>h;hh;hpp;hxx;hm;inl;inc;xsd</Extensions>
    </Filter>
    <Filter Include="资源文件">
      <UniqueIdentifier>{67DA6AB6-F800-4c08-8B7A-83BB121AAD01}</UniqueIdentifier>
      <Extensions>rc;ico;cur;bmp;dlg;rc2;rct;bin;rgs;gif;jpg;jpeg;jpe;resx;tiff;tif;png;wav;mfcribbon-ms</Extensions>
    </Filter>
    <Filter Include="Test">
      <UniqueIdentifier>{4260338c-4640-4baf-b4a8-be92620fb196}</UniqueIdentifier>
    </Filter>
    <Filter Include="impl">
      <UniqueIdentifier>{66b76fa6-8c2c-4a1e-a63b-dde568859abc}</UniqueIdentifier>
    </Filter>
  </ItemGroup>
  <ItemGroup>
    <ClInclude Include="alloc.h">
      <Filter>头文件</Filter>
    </ClInclude>
    <ClInclude Include="type_traits.h">
      <Filter>头文件</Filter>
    </ClInclude>
    <ClInclude Include="iterator.h">
      <Filter>头文件</Filter>
    </ClInclude>
    <ClInclude Include="construct.h">
      <Filter>头文件</Filter>
    </ClInclude>
    <ClInclude Include="allocator.h">
      <Filter>头文件</Filter>
    </ClInclude>
    <ClInclude Include="vector.h">
      <Filter>头文件</Filter>
    </ClInclude>
    <ClInclude Include="uninitialized.h">
      <Filter>头文件</Filter>
    </ClInclude>
    <ClInclude Include="algorithm.h">
      <Filter>头文件</Filter>
    </ClInclude>
    <ClInclude Include="TestUtil.h">
      <Filter>Test</Filter>
    </ClInclude>
    <ClInclude Include="VectorTest.h">
      <Filter>Test</Filter>
    </ClInclude>
    <ClInclude Include="list.h">
      <Filter>头文件</Filter>
    </ClInclude>
    <ClInclude Include="listNode.h">
      <Filter>头文件</Filter>
    </ClInclude>
    <ClInclude Include="listIterator.h">
      <Filter>头文件</Filter>
    </ClInclude>
    <ClInclude Include="vector.impl.h">
      <Filter>impl</Filter>
    </ClInclude>
    <ClInclude Include="list.impl.h">
      <Filter>impl</Filter>
    </ClInclude>
    <ClInclude Include="dequeIterator.h">
      <Filter>头文件</Filter>
    </ClInclude>
    <ClInclude Include="deque.h">
      <Filter>头文件</Filter>
    </ClInclude>
    <ClInclude Include="deque.impl.h">
      <Filter>impl</Filter>
    </ClInclude>
    <ClInclude Include="DequeTest.h">
      <Filter>Test</Filter>
    </ClInclude>
    <ClInclude Include="ListTest.h">
      <Filter>Test</Filter>
    </ClInclude>
    <ClInclude Include="stack.h">
      <Filter>头文件</Filter>
    </ClInclude>
    <ClInclude Include="StackTest.h">
      <Filter>Test</Filter>
    </ClInclude>
    <ClInclude Include="queue.h">
      <Filter>头文件</Filter>
    </ClInclude>
    <ClInclude Include="QueueTest.h">
      <Filter>Test</Filter>
    </ClInclude>
  </ItemGroup>
  <ItemGroup>
    <ClCompile Include="alloc.cpp">
      <Filter>源文件</Filter>
    </ClCompile>
    <ClCompile Include="VectorTest.cpp">
      <Filter>Test</Filter>
    </ClCompile>
    <ClCompile Include="main.cpp">
      <Filter>源文件</Filter>
    </ClCompile>
    <ClCompile Include="DequeTest.cpp">
      <Filter>Test</Filter>
    </ClCompile>
    <ClCompile Include="ListTest.cpp">
      <Filter>Test</Filter>
    </ClCompile>
    <ClCompile Include="StackTest.cpp">
      <Filter>Test</Filter>
    </ClCompile>
    <ClCompile Include="QueueTest.cpp">
      <Filter>Test</Filter>
    </ClCompile>
  </ItemGroup>
</Project>